
Microsoft Visual Studio Solution File, Format Version 12.00
# Visual Studio Version 17
VisualStudioVersion = 17.4.33110.190
MinimumVisualStudioVersion = 10.0.40219.1
Project("{9A19103F-16F7-4668-BE54-9A1E7A4F7556}") = "Products.Api", "Products.Api\Products.Api.csproj", "{27F6B5C6-9725-4F19-9DA7-A5DBF18A4CCF}"
EndProject
Project("{9A19103F-16F7-4668-BE54-9A1E7A4F7556}") = "Products.Entities", "Products.Entities\Products.Entities.csproj", "{E22C2CDB-542B-4B51-BD98-936A5745F824}"
EndProject
Project("{FAE04EC0-301F-11D3-BF4B-00C04F79EFBC}") = "Products.Data", "Products.Data\Products.Data.csproj", "{A890DC7C-3129-4D07-897D-C976FAC6F1FD}"
EndProject
Project("{FAE04EC0-301F-11D3-BF4B-00C04F79EFBC}") = "Products.Web", "Products.Web\Products.Web.csproj", "{B3C24F20-35DE-4F32-B5D8-67585A88FE91}"
EndProject
Global
	GlobalSection(SolutionConfigurationPlatforms) = preSolution
		Debug|Any CPU = Debug|Any CPU
		Release|Any CPU = Release|Any CPU
	EndGlobalSection
	GlobalSection(ProjectConfigurationPlatforms) = postSolution
		{27F6B5C6-9725-4F19-9DA7-A5DBF18A4CCF}.Debug|Any CPU.ActiveCfg = Debug|Any CPU
		{27F6B5C6-9725-4F19-9DA7-A5DBF18A4CCF}.Debug|Any CPU.Build.0 = Debug|Any CPU
		{27F6B5C6-9725-4F19-9DA7-A5DBF18A4CCF}.Release|Any CPU.ActiveCfg = Release|Any CPU
		{27F6B5C6-9725-4F19-9DA7-A5DBF18A4CCF}.Release|Any CPU.Build.0 = Release|Any CPU
		{E22C2CDB-542B-4B51-BD98-936A5745F824}.Debug|Any CPU.ActiveCfg = Debug|Any CPU
		{E22C2CDB-542B-4B51-BD98-936A5745F824}.Debug|Any CPU.Build.0 = Debug|Any CPU
		{E22C2CDB-542B-4B51-BD98-936A5745F824}.Release|Any CPU.ActiveCfg = Release|Any CPU
		{E22C2CDB-542B-4B51-BD98-936A5745F824}.Release|Any CPU.Build.0 = Release|Any CPU
		{A890DC7C-3129-4D07-897D-C976FAC6F1FD}.Debug|Any CPU.ActiveCfg = Debug|Any CPU
		{A890DC7C-3129-4D07-897D-C976FAC6F1FD}.Debug|Any CPU.Build.0 = Debug|Any CPU
		{A890DC7C-3129-4D07-897D-C976FAC6F1FD}.Release|Any CPU.ActiveCfg = Release|Any CPU
		{A890DC7C-3129-4D07-897D-C976FAC6F1FD}.Release|Any CPU.Build.0 = Release|Any CPU
		{B3C24F20-35DE-4F32-B5D8-67585A88FE91}.Debug|Any CPU.ActiveCfg = Debug|Any CPU
		{B3C24F20-35DE-4F32-B5D8-67585A88FE91}.Debug|Any CPU.Build.0 = Debug|Any CPU
		{B3C24F20-35DE-4F32-B5D8-67585A88FE91}.Release|Any CPU.ActiveCfg = Release|Any CPU
		{B3C24F20-35DE-4F32-B5D8-67585A88FE91}.Release|Any CPU.Build.0 = Release|Any CPU
	EndGlobalSection
	GlobalSection(SolutionProperties) = preSolution
		HideSolutionNode = FALSE
	EndGlobalSection
	GlobalSection(ExtensibilityGlobals) = postSolution
		SolutionGuid = {8968C315-6B55-4611-A65D-BADA8E7B8EE8}
	EndGlobalSection
EndGlobal
